
Microsoft Visual Studio Solution File, Format Version 12.00
# Visual Studio Version 16
VisualStudioVersion = 16.0.29102.190
MinimumVisualStudioVersion = 10.0.40219.1
Project("{FAE04EC0-301F-11D3-BF4B-00C04F79EFBC}") = "QLNH", "QLNH.csproj", "{8BB16FC7-ACA1-4D90-BDB5-5A5AB99E0EAF}"
EndProject
Global
	GlobalSection(SolutionConfigurationPlatforms) = preSolution
		Debug|Any CPU = Debug|Any CPU
		Release|Any CPU = Release|Any CPU
	EndGlobalSection
	GlobalSection(ProjectConfigurationPlatforms) = postSolution
		{8BB16FC7-ACA1-4D90-BDB5-5A5AB99E0EAF}.Debug|Any CPU.ActiveCfg = Debug|Any CPU
		{8BB16FC7-ACA1-4D90-BDB5-5A5AB99E0EAF}.Debug|Any CPU.Build.0 = Debug|Any CPU
		{8BB16FC7-ACA1-4D90-BDB5-5A5AB99E0EAF}.Release|Any CPU.ActiveCfg = Release|Any CPU
		{8BB16FC7-ACA1-4D90-BDB5-5A5AB99E0EAF}.Release|Any CPU.Build.0 = Release|Any CPU
	EndGlobalSection
	GlobalSection(SolutionProperties) = preSolution
		HideSolutionNode = FALSE
	EndGlobalSection
	GlobalSection(ExtensibilityGlobals) = postSolution
		SolutionGuid = {BFA1031A-BD26-4458-9ED6-10ADCC62AA78}
	EndGlobalSection
EndGlobal
