
Microsoft Visual Studio Solution File, Format Version 12.00
# Visual Studio Version 16
VisualStudioVersion = 16.0.29102.190
MinimumVisualStudioVersion = 10.0.40219.1
Project("{FAE04EC0-301F-11D3-BF4B-00C04F79EFBC}") = "CsSQLServer", "CsSQLServer\CsSQLServer.csproj", "{9412D0F1-8FD7-4CB4-BF9A-6232F3114A39}"
EndProject
Global
	GlobalSection(SolutionConfigurationPlatforms) = preSolution
		Debug|Any CPU = Debug|Any CPU
		Release|Any CPU = Release|Any CPU
	EndGlobalSection
	GlobalSection(ProjectConfigurationPlatforms) = postSolution
		{9412D0F1-8FD7-4CB4-BF9A-6232F3114A39}.Debug|Any CPU.ActiveCfg = Debug|Any CPU
		{9412D0F1-8FD7-4CB4-BF9A-6232F3114A39}.Debug|Any CPU.Build.0 = Debug|Any CPU
		{9412D0F1-8FD7-4CB4-BF9A-6232F3114A39}.Release|Any CPU.ActiveCfg = Release|Any CPU
		{9412D0F1-8FD7-4CB4-BF9A-6232F3114A39}.Release|Any CPU.Build.0 = Release|Any CPU
	EndGlobalSection
	GlobalSection(SolutionProperties) = preSolution
		HideSolutionNode = FALSE
	EndGlobalSection
	GlobalSection(ExtensibilityGlobals) = postSolution
		SolutionGuid = {CCEBD1D1-14B4-419B-A1FF-0CDFD8D7FE5A}
	EndGlobalSection
EndGlobal
